
Microsoft Visual Studio Solution File, Format Version 12.00
# Visual Studio 2012
Project("{FAE04EC0-301F-11D3-BF4B-00C04F79EFBC}") = "ShipDamage", "ShipDamage\ShipDamage.csproj", "{7E83F368-5A1A-4218-8C61-E05247696C93}"
EndProject
Project("{FAE04EC0-301F-11D3-BF4B-00C04F79EFBC}") = "Tribonacci", "Tribonacci\Tribonacci.csproj", "{23377B61-B407-458B-9165-4104A256CE8E}"
EndProject
Project("{FAE04EC0-301F-11D3-BF4B-00C04F79EFBC}") = "FirTree", "FirTree\FirTree.csproj", "{7CC138DF-0EE2-4CAF-8CD0-42B28B2DABCC}"
EndProject
Project("{FAE04EC0-301F-11D3-BF4B-00C04F79EFBC}") = "WeAllLoveBits!", "WeAllLoveBits!\WeAllLoveBits!.csproj", "{EAEFE2CC-1D8B-496B-AD95-2997E355C4AD}"
EndProject
Project("{FAE04EC0-301F-11D3-BF4B-00C04F79EFBC}") = "Pillar", "Pillar\Pillar.csproj", "{3D64D705-2636-49BB-94EF-E1E6924FA7E5}"
EndProject
Global
	GlobalSection(SolutionConfigurationPlatforms) = preSolution
		Debug|Any CPU = Debug|Any CPU
		Release|Any CPU = Release|Any CPU
	EndGlobalSection
	GlobalSection(ProjectConfigurationPlatforms) = postSolution
		{7E83F368-5A1A-4218-8C61-E05247696C93}.Debug|Any CPU.ActiveCfg = Debug|Any CPU
		{7E83F368-5A1A-4218-8C61-E05247696C93}.Debug|Any CPU.Build.0 = Debug|Any CPU
		{7E83F368-5A1A-4218-8C61-E05247696C93}.Release|Any CPU.ActiveCfg = Release|Any CPU
		{7E83F368-5A1A-4218-8C61-E05247696C93}.Release|Any CPU.Build.0 = Release|Any CPU
		{23377B61-B407-458B-9165-4104A256CE8E}.Debug|Any CPU.ActiveCfg = Debug|Any CPU
		{23377B61-B407-458B-9165-4104A256CE8E}.Debug|Any CPU.Build.0 = Debug|Any CPU
		{23377B61-B407-458B-9165-4104A256CE8E}.Release|Any CPU.ActiveCfg = Release|Any CPU
		{23377B61-B407-458B-9165-4104A256CE8E}.Release|Any CPU.Build.0 = Release|Any CPU
		{7CC138DF-0EE2-4CAF-8CD0-42B28B2DABCC}.Debug|Any CPU.ActiveCfg = Debug|Any CPU
		{7CC138DF-0EE2-4CAF-8CD0-42B28B2DABCC}.Debug|Any CPU.Build.0 = Debug|Any CPU
		{7CC138DF-0EE2-4CAF-8CD0-42B28B2DABCC}.Release|Any CPU.ActiveCfg = Release|Any CPU
		{7CC138DF-0EE2-4CAF-8CD0-42B28B2DABCC}.Release|Any CPU.Build.0 = Release|Any CPU
		{EAEFE2CC-1D8B-496B-AD95-2997E355C4AD}.Debug|Any CPU.ActiveCfg = Debug|Any CPU
		{EAEFE2CC-1D8B-496B-AD95-2997E355C4AD}.Debug|Any CPU.Build.0 = Debug|Any CPU
		{EAEFE2CC-1D8B-496B-AD95-2997E355C4AD}.Release|Any CPU.ActiveCfg = Release|Any CPU
		{EAEFE2CC-1D8B-496B-AD95-2997E355C4AD}.Release|Any CPU.Build.0 = Release|Any CPU
		{3D64D705-2636-49BB-94EF-E1E6924FA7E5}.Debug|Any CPU.ActiveCfg = Debug|Any CPU
		{3D64D705-2636-49BB-94EF-E1E6924FA7E5}.Debug|Any CPU.Build.0 = Debug|Any CPU
		{3D64D705-2636-49BB-94EF-E1E6924FA7E5}.Release|Any CPU.ActiveCfg = Release|Any CPU
		{3D64D705-2636-49BB-94EF-E1E6924FA7E5}.Release|Any CPU.Build.0 = Release|Any CPU
	EndGlobalSection
	GlobalSection(SolutionProperties) = preSolution
		HideSolutionNode = FALSE
	EndGlobalSection
EndGlobal
