
Microsoft Visual Studio Solution File, Format Version 12.00
# Visual Studio 2013
VisualStudioVersion = 12.0.21005.1
MinimumVisualStudioVersion = 10.0.40219.1
Project("{FAE04EC0-301F-11D3-BF4B-00C04F79EFBC}") = "Task1", "Izpit\Task1.csproj", "{D3E13C47-B018-45AD-A8FB-3BE291244106}"
EndProject
Project("{FAE04EC0-301F-11D3-BF4B-00C04F79EFBC}") = "Task2", "Task2\Task2.csproj", "{20D3139B-4AAE-4E1F-ACE8-3B654876E5F3}"
EndProject
Project("{FAE04EC0-301F-11D3-BF4B-00C04F79EFBC}") = "Task3", "Task3\Task3.csproj", "{2D66297D-73BF-4F5E-BD63-26617C449A85}"
EndProject
Global
	GlobalSection(SolutionConfigurationPlatforms) = preSolution
		Debug|Any CPU = Debug|Any CPU
		Release|Any CPU = Release|Any CPU
	EndGlobalSection
	GlobalSection(ProjectConfigurationPlatforms) = postSolution
		{D3E13C47-B018-45AD-A8FB-3BE291244106}.Debug|Any CPU.ActiveCfg = Debug|Any CPU
		{D3E13C47-B018-45AD-A8FB-3BE291244106}.Debug|Any CPU.Build.0 = Debug|Any CPU
		{D3E13C47-B018-45AD-A8FB-3BE291244106}.Release|Any CPU.ActiveCfg = Release|Any CPU
		{D3E13C47-B018-45AD-A8FB-3BE291244106}.Release|Any CPU.Build.0 = Release|Any CPU
		{20D3139B-4AAE-4E1F-ACE8-3B654876E5F3}.Debug|Any CPU.ActiveCfg = Debug|Any CPU
		{20D3139B-4AAE-4E1F-ACE8-3B654876E5F3}.Debug|Any CPU.Build.0 = Debug|Any CPU
		{20D3139B-4AAE-4E1F-ACE8-3B654876E5F3}.Release|Any CPU.ActiveCfg = Release|Any CPU
		{20D3139B-4AAE-4E1F-ACE8-3B654876E5F3}.Release|Any CPU.Build.0 = Release|Any CPU
		{2D66297D-73BF-4F5E-BD63-26617C449A85}.Debug|Any CPU.ActiveCfg = Debug|Any CPU
		{2D66297D-73BF-4F5E-BD63-26617C449A85}.Debug|Any CPU.Build.0 = Debug|Any CPU
		{2D66297D-73BF-4F5E-BD63-26617C449A85}.Release|Any CPU.ActiveCfg = Release|Any CPU
		{2D66297D-73BF-4F5E-BD63-26617C449A85}.Release|Any CPU.Build.0 = Release|Any CPU
	EndGlobalSection
	GlobalSection(SolutionProperties) = preSolution
		HideSolutionNode = FALSE
	EndGlobalSection
EndGlobal
