
Microsoft Visual Studio Solution File, Format Version 12.00
# Visual Studio 2013
VisualStudioVersion = 12.0.21005.1
MinimumVisualStudioVersion = 10.0.40219.1
Project("{FAE04EC0-301F-11D3-BF4B-00C04F79EFBC}") = "MusicStore.Api", "MusicStore.Api\MusicStore.Api.csproj", "{EC2FD534-321B-4247-8D1F-1B3FE5864756}"
EndProject
Project("{FAE04EC0-301F-11D3-BF4B-00C04F79EFBC}") = "MusicStore.Models", "MusicStore.Models\MusicStore.Models.csproj", "{FFC14808-9754-4208-A412-AA4A0C5C1C3F}"
EndProject
Project("{FAE04EC0-301F-11D3-BF4B-00C04F79EFBC}") = "MusicStore.Data", "MusicStore.Data\MusicStore.Data.csproj", "{92ACDA38-76FB-4BC5-8F48-A7D2658C0E89}"
EndProject
Project("{FAE04EC0-301F-11D3-BF4B-00C04F79EFBC}") = "MusicStore.Client", "MusicStore.Client\MusicStore.Client.csproj", "{1AA435ED-D110-4223-9774-4781D94E5E9D}"
EndProject
Global
	GlobalSection(SolutionConfigurationPlatforms) = preSolution
		Debug|Any CPU = Debug|Any CPU
		Release|Any CPU = Release|Any CPU
	EndGlobalSection
	GlobalSection(ProjectConfigurationPlatforms) = postSolution
		{EC2FD534-321B-4247-8D1F-1B3FE5864756}.Debug|Any CPU.ActiveCfg = Debug|Any CPU
		{EC2FD534-321B-4247-8D1F-1B3FE5864756}.Debug|Any CPU.Build.0 = Debug|Any CPU
		{EC2FD534-321B-4247-8D1F-1B3FE5864756}.Release|Any CPU.ActiveCfg = Release|Any CPU
		{EC2FD534-321B-4247-8D1F-1B3FE5864756}.Release|Any CPU.Build.0 = Release|Any CPU
		{FFC14808-9754-4208-A412-AA4A0C5C1C3F}.Debug|Any CPU.ActiveCfg = Debug|Any CPU
		{FFC14808-9754-4208-A412-AA4A0C5C1C3F}.Debug|Any CPU.Build.0 = Debug|Any CPU
		{FFC14808-9754-4208-A412-AA4A0C5C1C3F}.Release|Any CPU.ActiveCfg = Release|Any CPU
		{FFC14808-9754-4208-A412-AA4A0C5C1C3F}.Release|Any CPU.Build.0 = Release|Any CPU
		{92ACDA38-76FB-4BC5-8F48-A7D2658C0E89}.Debug|Any CPU.ActiveCfg = Debug|Any CPU
		{92ACDA38-76FB-4BC5-8F48-A7D2658C0E89}.Debug|Any CPU.Build.0 = Debug|Any CPU
		{92ACDA38-76FB-4BC5-8F48-A7D2658C0E89}.Release|Any CPU.ActiveCfg = Release|Any CPU
		{92ACDA38-76FB-4BC5-8F48-A7D2658C0E89}.Release|Any CPU.Build.0 = Release|Any CPU
		{1AA435ED-D110-4223-9774-4781D94E5E9D}.Debug|Any CPU.ActiveCfg = Debug|Any CPU
		{1AA435ED-D110-4223-9774-4781D94E5E9D}.Debug|Any CPU.Build.0 = Debug|Any CPU
		{1AA435ED-D110-4223-9774-4781D94E5E9D}.Release|Any CPU.ActiveCfg = Release|Any CPU
		{1AA435ED-D110-4223-9774-4781D94E5E9D}.Release|Any CPU.Build.0 = Release|Any CPU
	EndGlobalSection
	GlobalSection(SolutionProperties) = preSolution
		HideSolutionNode = FALSE
	EndGlobalSection
EndGlobal
