
Microsoft Visual Studio Solution File, Format Version 12.00
# Visual Studio 2012
Project("{FAE04EC0-301F-11D3-BF4B-00C04F79EFBC}") = "MathExpression", "MathExpression\MathExpression.csproj", "{F9A06813-49E6-4480-BA89-41915E4AFD9A}"
EndProject
Project("{FAE04EC0-301F-11D3-BF4B-00C04F79EFBC}") = "LeastDevisable", "LeastDevisable\LeastDevisable.csproj", "{294E1BCF-6768-440E-A5B5-991699E86B05}"
EndProject
Project("{FAE04EC0-301F-11D3-BF4B-00C04F79EFBC}") = "Trapezoid", "Trapezoid\Trapezoid.csproj", "{32324B82-ACFD-4BCA-A674-0A27E9DA2469}"
EndProject
Project("{FAE04EC0-301F-11D3-BF4B-00C04F79EFBC}") = "OddNumber", "OddNumber\OddNumber.csproj", "{04600DE5-F377-4B08-8F6A-B53433C843D0}"
EndProject
Project("{FAE04EC0-301F-11D3-BF4B-00C04F79EFBC}") = "FallDown", "FallDown\FallDown.csproj", "{61AE922B-5A3B-43DE-80A1-2C7E6F51404F}"
EndProject
Global
	GlobalSection(SolutionConfigurationPlatforms) = preSolution
		Debug|Any CPU = Debug|Any CPU
		Release|Any CPU = Release|Any CPU
	EndGlobalSection
	GlobalSection(ProjectConfigurationPlatforms) = postSolution
		{F9A06813-49E6-4480-BA89-41915E4AFD9A}.Debug|Any CPU.ActiveCfg = Debug|Any CPU
		{F9A06813-49E6-4480-BA89-41915E4AFD9A}.Debug|Any CPU.Build.0 = Debug|Any CPU
		{F9A06813-49E6-4480-BA89-41915E4AFD9A}.Release|Any CPU.ActiveCfg = Release|Any CPU
		{F9A06813-49E6-4480-BA89-41915E4AFD9A}.Release|Any CPU.Build.0 = Release|Any CPU
		{294E1BCF-6768-440E-A5B5-991699E86B05}.Debug|Any CPU.ActiveCfg = Debug|Any CPU
		{294E1BCF-6768-440E-A5B5-991699E86B05}.Debug|Any CPU.Build.0 = Debug|Any CPU
		{294E1BCF-6768-440E-A5B5-991699E86B05}.Release|Any CPU.ActiveCfg = Release|Any CPU
		{294E1BCF-6768-440E-A5B5-991699E86B05}.Release|Any CPU.Build.0 = Release|Any CPU
		{32324B82-ACFD-4BCA-A674-0A27E9DA2469}.Debug|Any CPU.ActiveCfg = Debug|Any CPU
		{32324B82-ACFD-4BCA-A674-0A27E9DA2469}.Debug|Any CPU.Build.0 = Debug|Any CPU
		{32324B82-ACFD-4BCA-A674-0A27E9DA2469}.Release|Any CPU.ActiveCfg = Release|Any CPU
		{32324B82-ACFD-4BCA-A674-0A27E9DA2469}.Release|Any CPU.Build.0 = Release|Any CPU
		{04600DE5-F377-4B08-8F6A-B53433C843D0}.Debug|Any CPU.ActiveCfg = Debug|Any CPU
		{04600DE5-F377-4B08-8F6A-B53433C843D0}.Debug|Any CPU.Build.0 = Debug|Any CPU
		{04600DE5-F377-4B08-8F6A-B53433C843D0}.Release|Any CPU.ActiveCfg = Release|Any CPU
		{04600DE5-F377-4B08-8F6A-B53433C843D0}.Release|Any CPU.Build.0 = Release|Any CPU
		{61AE922B-5A3B-43DE-80A1-2C7E6F51404F}.Debug|Any CPU.ActiveCfg = Debug|Any CPU
		{61AE922B-5A3B-43DE-80A1-2C7E6F51404F}.Debug|Any CPU.Build.0 = Debug|Any CPU
		{61AE922B-5A3B-43DE-80A1-2C7E6F51404F}.Release|Any CPU.ActiveCfg = Release|Any CPU
		{61AE922B-5A3B-43DE-80A1-2C7E6F51404F}.Release|Any CPU.Build.0 = Release|Any CPU
	EndGlobalSection
	GlobalSection(SolutionProperties) = preSolution
		HideSolutionNode = FALSE
	EndGlobalSection
EndGlobal
