
Microsoft Visual Studio Solution File, Format Version 12.00
# Visual Studio 2012
Project("{FAE04EC0-301F-11D3-BF4B-00C04F79EFBC}") = "01.DecimalToBinary", "01.DecimalToBinary\01.DecimalToBinary.csproj", "{F2790463-0A85-4504-B694-0E340B7E562F}"
EndProject
Project("{FAE04EC0-301F-11D3-BF4B-00C04F79EFBC}") = "02.BinaryToDecimal", "02.BinaryToDecimal\02.BinaryToDecimal.csproj", "{525C1DBB-E9D2-4F09-B654-AD621DEA565B}"
EndProject
Project("{FAE04EC0-301F-11D3-BF4B-00C04F79EFBC}") = "03.DecimalToHexadecimal", "03.DecimalToHexadecimal\03.DecimalToHexadecimal.csproj", "{73DDEA78-DB35-4974-8A5C-3B9221F445B5}"
EndProject
Project("{FAE04EC0-301F-11D3-BF4B-00C04F79EFBC}") = "04.HexadecimalToDecimal", "04.HexadecimalToDecimal\04.HexadecimalToDecimal.csproj", "{B2395FEE-01E6-4F2E-9DD7-A49B4D7B4AF5}"
EndProject
Project("{FAE04EC0-301F-11D3-BF4B-00C04F79EFBC}") = "05.HexadecimalToBinary", "05.HexadecimalToBinary\05.HexadecimalToBinary.csproj", "{40BE3718-D738-4E83-881E-82A1DD87288D}"
EndProject
Project("{FAE04EC0-301F-11D3-BF4B-00C04F79EFBC}") = "06.BinaryToHexadecimal", "06.BinaryToHexadecimal\06.BinaryToHexadecimal.csproj", "{261B79D7-E27B-4F8C-887F-18D5337A36EB}"
EndProject
Project("{FAE04EC0-301F-11D3-BF4B-00C04F79EFBC}") = "07.FromAnyToAny", "07.FromAnyToAny\07.FromAnyToAny.csproj", "{47123940-3815-4FFE-9A6D-6E81C3DD3059}"
EndProject
Project("{FAE04EC0-301F-11D3-BF4B-00C04F79EFBC}") = "08.SignedInt16", "08.SignedInt16\08.SignedInt16.csproj", "{64F251AB-EF7A-42EC-A2FC-4A5ADC6204CB}"
EndProject
Global
	GlobalSection(SolutionConfigurationPlatforms) = preSolution
		Debug|Any CPU = Debug|Any CPU
		Release|Any CPU = Release|Any CPU
	EndGlobalSection
	GlobalSection(ProjectConfigurationPlatforms) = postSolution
		{F2790463-0A85-4504-B694-0E340B7E562F}.Debug|Any CPU.ActiveCfg = Debug|Any CPU
		{F2790463-0A85-4504-B694-0E340B7E562F}.Debug|Any CPU.Build.0 = Debug|Any CPU
		{F2790463-0A85-4504-B694-0E340B7E562F}.Release|Any CPU.ActiveCfg = Release|Any CPU
		{F2790463-0A85-4504-B694-0E340B7E562F}.Release|Any CPU.Build.0 = Release|Any CPU
		{525C1DBB-E9D2-4F09-B654-AD621DEA565B}.Debug|Any CPU.ActiveCfg = Debug|Any CPU
		{525C1DBB-E9D2-4F09-B654-AD621DEA565B}.Debug|Any CPU.Build.0 = Debug|Any CPU
		{525C1DBB-E9D2-4F09-B654-AD621DEA565B}.Release|Any CPU.ActiveCfg = Release|Any CPU
		{525C1DBB-E9D2-4F09-B654-AD621DEA565B}.Release|Any CPU.Build.0 = Release|Any CPU
		{73DDEA78-DB35-4974-8A5C-3B9221F445B5}.Debug|Any CPU.ActiveCfg = Debug|Any CPU
		{73DDEA78-DB35-4974-8A5C-3B9221F445B5}.Debug|Any CPU.Build.0 = Debug|Any CPU
		{73DDEA78-DB35-4974-8A5C-3B9221F445B5}.Release|Any CPU.ActiveCfg = Release|Any CPU
		{73DDEA78-DB35-4974-8A5C-3B9221F445B5}.Release|Any CPU.Build.0 = Release|Any CPU
		{B2395FEE-01E6-4F2E-9DD7-A49B4D7B4AF5}.Debug|Any CPU.ActiveCfg = Debug|Any CPU
		{B2395FEE-01E6-4F2E-9DD7-A49B4D7B4AF5}.Debug|Any CPU.Build.0 = Debug|Any CPU
		{B2395FEE-01E6-4F2E-9DD7-A49B4D7B4AF5}.Release|Any CPU.ActiveCfg = Release|Any CPU
		{B2395FEE-01E6-4F2E-9DD7-A49B4D7B4AF5}.Release|Any CPU.Build.0 = Release|Any CPU
		{40BE3718-D738-4E83-881E-82A1DD87288D}.Debug|Any CPU.ActiveCfg = Debug|Any CPU
		{40BE3718-D738-4E83-881E-82A1DD87288D}.Debug|Any CPU.Build.0 = Debug|Any CPU
		{40BE3718-D738-4E83-881E-82A1DD87288D}.Release|Any CPU.ActiveCfg = Release|Any CPU
		{40BE3718-D738-4E83-881E-82A1DD87288D}.Release|Any CPU.Build.0 = Release|Any CPU
		{261B79D7-E27B-4F8C-887F-18D5337A36EB}.Debug|Any CPU.ActiveCfg = Debug|Any CPU
		{261B79D7-E27B-4F8C-887F-18D5337A36EB}.Debug|Any CPU.Build.0 = Debug|Any CPU
		{261B79D7-E27B-4F8C-887F-18D5337A36EB}.Release|Any CPU.ActiveCfg = Release|Any CPU
		{261B79D7-E27B-4F8C-887F-18D5337A36EB}.Release|Any CPU.Build.0 = Release|Any CPU
		{47123940-3815-4FFE-9A6D-6E81C3DD3059}.Debug|Any CPU.ActiveCfg = Debug|Any CPU
		{47123940-3815-4FFE-9A6D-6E81C3DD3059}.Debug|Any CPU.Build.0 = Debug|Any CPU
		{47123940-3815-4FFE-9A6D-6E81C3DD3059}.Release|Any CPU.ActiveCfg = Release|Any CPU
		{47123940-3815-4FFE-9A6D-6E81C3DD3059}.Release|Any CPU.Build.0 = Release|Any CPU
		{64F251AB-EF7A-42EC-A2FC-4A5ADC6204CB}.Debug|Any CPU.ActiveCfg = Debug|Any CPU
		{64F251AB-EF7A-42EC-A2FC-4A5ADC6204CB}.Debug|Any CPU.Build.0 = Debug|Any CPU
		{64F251AB-EF7A-42EC-A2FC-4A5ADC6204CB}.Release|Any CPU.ActiveCfg = Release|Any CPU
		{64F251AB-EF7A-42EC-A2FC-4A5ADC6204CB}.Release|Any CPU.Build.0 = Release|Any CPU
	EndGlobalSection
	GlobalSection(SolutionProperties) = preSolution
		HideSolutionNode = FALSE
	EndGlobalSection
EndGlobal
