
Microsoft Visual Studio Solution File, Format Version 12.00
# Visual Studio 2012
Project("{FAE04EC0-301F-11D3-BF4B-00C04F79EFBC}") = "NextDate", "NextDate\NextDate.csproj", "{6467C43E-9DD2-4443-9F85-16AE9A3D3319}"
EndProject
Project("{FAE04EC0-301F-11D3-BF4B-00C04F79EFBC}") = "TribonacciTriangle", "TribonacciTriangle\TribonacciTriangle.csproj", "{3F5ACA52-DEC5-47E8-8F1C-C9638C1C1310}"
EndProject
Project("{FAE04EC0-301F-11D3-BF4B-00C04F79EFBC}") = "Sheets", "Sheets\Sheets.csproj", "{C3934B5C-1877-47C3-BCE3-BE4947D5DEA0}"
EndProject
Project("{FAE04EC0-301F-11D3-BF4B-00C04F79EFBC}") = "Carpets", "Carpets\Carpets.csproj", "{C91DA0AE-20F6-478A-8E3F-4C5B63055698}"
EndProject
Project("{FAE04EC0-301F-11D3-BF4B-00C04F79EFBC}") = "FormulaBit1", "FormulaBit1\FormulaBit1.csproj", "{9D7D7E78-B118-442E-A826-ECF41E00497A}"
EndProject
Global
	GlobalSection(SolutionConfigurationPlatforms) = preSolution
		Debug|Any CPU = Debug|Any CPU
		Release|Any CPU = Release|Any CPU
	EndGlobalSection
	GlobalSection(ProjectConfigurationPlatforms) = postSolution
		{6467C43E-9DD2-4443-9F85-16AE9A3D3319}.Debug|Any CPU.ActiveCfg = Debug|Any CPU
		{6467C43E-9DD2-4443-9F85-16AE9A3D3319}.Debug|Any CPU.Build.0 = Debug|Any CPU
		{6467C43E-9DD2-4443-9F85-16AE9A3D3319}.Release|Any CPU.ActiveCfg = Release|Any CPU
		{6467C43E-9DD2-4443-9F85-16AE9A3D3319}.Release|Any CPU.Build.0 = Release|Any CPU
		{3F5ACA52-DEC5-47E8-8F1C-C9638C1C1310}.Debug|Any CPU.ActiveCfg = Debug|Any CPU
		{3F5ACA52-DEC5-47E8-8F1C-C9638C1C1310}.Debug|Any CPU.Build.0 = Debug|Any CPU
		{3F5ACA52-DEC5-47E8-8F1C-C9638C1C1310}.Release|Any CPU.ActiveCfg = Release|Any CPU
		{3F5ACA52-DEC5-47E8-8F1C-C9638C1C1310}.Release|Any CPU.Build.0 = Release|Any CPU
		{C3934B5C-1877-47C3-BCE3-BE4947D5DEA0}.Debug|Any CPU.ActiveCfg = Debug|Any CPU
		{C3934B5C-1877-47C3-BCE3-BE4947D5DEA0}.Debug|Any CPU.Build.0 = Debug|Any CPU
		{C3934B5C-1877-47C3-BCE3-BE4947D5DEA0}.Release|Any CPU.ActiveCfg = Release|Any CPU
		{C3934B5C-1877-47C3-BCE3-BE4947D5DEA0}.Release|Any CPU.Build.0 = Release|Any CPU
		{C91DA0AE-20F6-478A-8E3F-4C5B63055698}.Debug|Any CPU.ActiveCfg = Debug|Any CPU
		{C91DA0AE-20F6-478A-8E3F-4C5B63055698}.Debug|Any CPU.Build.0 = Debug|Any CPU
		{C91DA0AE-20F6-478A-8E3F-4C5B63055698}.Release|Any CPU.ActiveCfg = Release|Any CPU
		{C91DA0AE-20F6-478A-8E3F-4C5B63055698}.Release|Any CPU.Build.0 = Release|Any CPU
		{9D7D7E78-B118-442E-A826-ECF41E00497A}.Debug|Any CPU.ActiveCfg = Debug|Any CPU
		{9D7D7E78-B118-442E-A826-ECF41E00497A}.Debug|Any CPU.Build.0 = Debug|Any CPU
		{9D7D7E78-B118-442E-A826-ECF41E00497A}.Release|Any CPU.ActiveCfg = Release|Any CPU
		{9D7D7E78-B118-442E-A826-ECF41E00497A}.Release|Any CPU.Build.0 = Release|Any CPU
	EndGlobalSection
	GlobalSection(SolutionProperties) = preSolution
		HideSolutionNode = FALSE
	EndGlobalSection
EndGlobal
