
Microsoft Visual Studio Solution File, Format Version 12.00
# Visual Studio 2012
Project("{F184B08F-C81C-45F6-A57F-5ABD9991F28F}") = "01.WebPageLorem", "CSSPresentation\01.WebPageLorem.vbproj", "{A90493DB-26FE-4A4D-BF7C-8C8805C59097}"
EndProject
Project("{F184B08F-C81C-45F6-A57F-5ABD9991F28F}") = "02.Homework", "02.Homework\02.Homework.vbproj", "{7597CBAB-9F66-4671-8A14-DB59452EFD9F}"
EndProject
Project("{F184B08F-C81C-45F6-A57F-5ABD9991F28F}") = "03.NestedDivs", "03.NestedDivs\03.NestedDivs.vbproj", "{6CD17C46-C59A-4295-9895-6E727BD54561}"
EndProject
Project("{F184B08F-C81C-45F6-A57F-5ABD9991F28F}") = "04.Calculator", "04.Calculator\04.Calculator.vbproj", "{8F1CD3E5-3F77-4700-91E8-F6633C9BDF13}"
EndProject
Global
	GlobalSection(SolutionConfigurationPlatforms) = preSolution
		Debug|Any CPU = Debug|Any CPU
		Release|Any CPU = Release|Any CPU
	EndGlobalSection
	GlobalSection(ProjectConfigurationPlatforms) = postSolution
		{A90493DB-26FE-4A4D-BF7C-8C8805C59097}.Debug|Any CPU.ActiveCfg = Debug|Any CPU
		{A90493DB-26FE-4A4D-BF7C-8C8805C59097}.Debug|Any CPU.Build.0 = Debug|Any CPU
		{A90493DB-26FE-4A4D-BF7C-8C8805C59097}.Release|Any CPU.ActiveCfg = Release|Any CPU
		{A90493DB-26FE-4A4D-BF7C-8C8805C59097}.Release|Any CPU.Build.0 = Release|Any CPU
		{7597CBAB-9F66-4671-8A14-DB59452EFD9F}.Debug|Any CPU.ActiveCfg = Debug|Any CPU
		{7597CBAB-9F66-4671-8A14-DB59452EFD9F}.Debug|Any CPU.Build.0 = Debug|Any CPU
		{7597CBAB-9F66-4671-8A14-DB59452EFD9F}.Release|Any CPU.ActiveCfg = Release|Any CPU
		{7597CBAB-9F66-4671-8A14-DB59452EFD9F}.Release|Any CPU.Build.0 = Release|Any CPU
		{6CD17C46-C59A-4295-9895-6E727BD54561}.Debug|Any CPU.ActiveCfg = Debug|Any CPU
		{6CD17C46-C59A-4295-9895-6E727BD54561}.Debug|Any CPU.Build.0 = Debug|Any CPU
		{6CD17C46-C59A-4295-9895-6E727BD54561}.Release|Any CPU.ActiveCfg = Release|Any CPU
		{6CD17C46-C59A-4295-9895-6E727BD54561}.Release|Any CPU.Build.0 = Release|Any CPU
		{8F1CD3E5-3F77-4700-91E8-F6633C9BDF13}.Debug|Any CPU.ActiveCfg = Debug|Any CPU
		{8F1CD3E5-3F77-4700-91E8-F6633C9BDF13}.Debug|Any CPU.Build.0 = Debug|Any CPU
		{8F1CD3E5-3F77-4700-91E8-F6633C9BDF13}.Release|Any CPU.ActiveCfg = Release|Any CPU
		{8F1CD3E5-3F77-4700-91E8-F6633C9BDF13}.Release|Any CPU.Build.0 = Release|Any CPU
	EndGlobalSection
	GlobalSection(SolutionProperties) = preSolution
		HideSolutionNode = FALSE
	EndGlobalSection
EndGlobal
