
Microsoft Visual Studio Solution File, Format Version 12.00
# Visual Studio 2013
VisualStudioVersion = 12.0.21005.1
MinimumVisualStudioVersion = 10.0.40219.1
Project("{FAE04EC0-301F-11D3-BF4B-00C04F79EFBC}") = "Task1", "ADO.NET\Task1.csproj", "{F2EFFD36-514E-446D-9570-20134DF320F3}"
EndProject
Project("{FAE04EC0-301F-11D3-BF4B-00C04F79EFBC}") = "Task2", "Task2\Task2.csproj", "{6C053A68-F1CB-4403-8705-53BB116DA791}"
EndProject
Project("{FAE04EC0-301F-11D3-BF4B-00C04F79EFBC}") = "Task3", "Task3\Task3.csproj", "{7CCE20E8-15FD-4417-AB97-607F3F39E651}"
EndProject
Project("{FAE04EC0-301F-11D3-BF4B-00C04F79EFBC}") = "Task4", "Task4\Task4.csproj", "{E018ADB1-94DF-4282-9662-958E6929DBCD}"
EndProject
Project("{FAE04EC0-301F-11D3-BF4B-00C04F79EFBC}") = "Task8", "Task8\Task8.csproj", "{23BEA4DE-7DD1-4B46-9748-E04533E65472}"
EndProject
Global
	GlobalSection(SolutionConfigurationPlatforms) = preSolution
		Debug|Any CPU = Debug|Any CPU
		Release|Any CPU = Release|Any CPU
	EndGlobalSection
	GlobalSection(ProjectConfigurationPlatforms) = postSolution
		{F2EFFD36-514E-446D-9570-20134DF320F3}.Debug|Any CPU.ActiveCfg = Debug|Any CPU
		{F2EFFD36-514E-446D-9570-20134DF320F3}.Debug|Any CPU.Build.0 = Debug|Any CPU
		{F2EFFD36-514E-446D-9570-20134DF320F3}.Release|Any CPU.ActiveCfg = Release|Any CPU
		{F2EFFD36-514E-446D-9570-20134DF320F3}.Release|Any CPU.Build.0 = Release|Any CPU
		{6C053A68-F1CB-4403-8705-53BB116DA791}.Debug|Any CPU.ActiveCfg = Debug|Any CPU
		{6C053A68-F1CB-4403-8705-53BB116DA791}.Debug|Any CPU.Build.0 = Debug|Any CPU
		{6C053A68-F1CB-4403-8705-53BB116DA791}.Release|Any CPU.ActiveCfg = Release|Any CPU
		{6C053A68-F1CB-4403-8705-53BB116DA791}.Release|Any CPU.Build.0 = Release|Any CPU
		{7CCE20E8-15FD-4417-AB97-607F3F39E651}.Debug|Any CPU.ActiveCfg = Debug|Any CPU
		{7CCE20E8-15FD-4417-AB97-607F3F39E651}.Debug|Any CPU.Build.0 = Debug|Any CPU
		{7CCE20E8-15FD-4417-AB97-607F3F39E651}.Release|Any CPU.ActiveCfg = Release|Any CPU
		{7CCE20E8-15FD-4417-AB97-607F3F39E651}.Release|Any CPU.Build.0 = Release|Any CPU
		{E018ADB1-94DF-4282-9662-958E6929DBCD}.Debug|Any CPU.ActiveCfg = Debug|Any CPU
		{E018ADB1-94DF-4282-9662-958E6929DBCD}.Debug|Any CPU.Build.0 = Debug|Any CPU
		{E018ADB1-94DF-4282-9662-958E6929DBCD}.Release|Any CPU.ActiveCfg = Release|Any CPU
		{E018ADB1-94DF-4282-9662-958E6929DBCD}.Release|Any CPU.Build.0 = Release|Any CPU
		{23BEA4DE-7DD1-4B46-9748-E04533E65472}.Debug|Any CPU.ActiveCfg = Debug|Any CPU
		{23BEA4DE-7DD1-4B46-9748-E04533E65472}.Debug|Any CPU.Build.0 = Debug|Any CPU
		{23BEA4DE-7DD1-4B46-9748-E04533E65472}.Release|Any CPU.ActiveCfg = Release|Any CPU
		{23BEA4DE-7DD1-4B46-9748-E04533E65472}.Release|Any CPU.Build.0 = Release|Any CPU
	EndGlobalSection
	GlobalSection(SolutionProperties) = preSolution
		HideSolutionNode = FALSE
	EndGlobalSection
EndGlobal
