
Microsoft Visual Studio Solution File, Format Version 12.00
# Visual Studio 2012
Project("{FAE04EC0-301F-11D3-BF4B-00C04F79EFBC}") = "1.Garden", "1.Garden\1.Garden.csproj", "{7ED74117-DFF1-4226-9FA6-4364B6773813}"
EndProject
Project("{FAE04EC0-301F-11D3-BF4B-00C04F79EFBC}") = "2.Secrets", "2.Secrets\2.Secrets.csproj", "{34E43C67-F757-40B9-A749-90E2DBEFDAF3}"
EndProject
Project("{FAE04EC0-301F-11D3-BF4B-00C04F79EFBC}") = "3.CardWars", "3.CardWars\3.CardWars.csproj", "{8209836D-020F-43BA-9546-A03A4BF910D5}"
EndProject
Project("{FAE04EC0-301F-11D3-BF4B-00C04F79EFBC}") = "4.BatGoikoTower", "4.BatGoikoTower\4.BatGoikoTower.csproj", "{C06C5D25-DF16-4935-8DDE-7F2095CDDE4E}"
EndProject
Project("{FAE04EC0-301F-11D3-BF4B-00C04F79EFBC}") = "5.Bittris", "5.Bittris\5.Bittris.csproj", "{EA38A465-E614-4C03-9F97-CBA79F7B1018}"
EndProject
Global
	GlobalSection(SolutionConfigurationPlatforms) = preSolution
		Debug|Any CPU = Debug|Any CPU
		Release|Any CPU = Release|Any CPU
	EndGlobalSection
	GlobalSection(ProjectConfigurationPlatforms) = postSolution
		{7ED74117-DFF1-4226-9FA6-4364B6773813}.Debug|Any CPU.ActiveCfg = Debug|Any CPU
		{7ED74117-DFF1-4226-9FA6-4364B6773813}.Debug|Any CPU.Build.0 = Debug|Any CPU
		{7ED74117-DFF1-4226-9FA6-4364B6773813}.Release|Any CPU.ActiveCfg = Release|Any CPU
		{7ED74117-DFF1-4226-9FA6-4364B6773813}.Release|Any CPU.Build.0 = Release|Any CPU
		{34E43C67-F757-40B9-A749-90E2DBEFDAF3}.Debug|Any CPU.ActiveCfg = Debug|Any CPU
		{34E43C67-F757-40B9-A749-90E2DBEFDAF3}.Debug|Any CPU.Build.0 = Debug|Any CPU
		{34E43C67-F757-40B9-A749-90E2DBEFDAF3}.Release|Any CPU.ActiveCfg = Release|Any CPU
		{34E43C67-F757-40B9-A749-90E2DBEFDAF3}.Release|Any CPU.Build.0 = Release|Any CPU
		{8209836D-020F-43BA-9546-A03A4BF910D5}.Debug|Any CPU.ActiveCfg = Debug|Any CPU
		{8209836D-020F-43BA-9546-A03A4BF910D5}.Debug|Any CPU.Build.0 = Debug|Any CPU
		{8209836D-020F-43BA-9546-A03A4BF910D5}.Release|Any CPU.ActiveCfg = Release|Any CPU
		{8209836D-020F-43BA-9546-A03A4BF910D5}.Release|Any CPU.Build.0 = Release|Any CPU
		{C06C5D25-DF16-4935-8DDE-7F2095CDDE4E}.Debug|Any CPU.ActiveCfg = Debug|Any CPU
		{C06C5D25-DF16-4935-8DDE-7F2095CDDE4E}.Debug|Any CPU.Build.0 = Debug|Any CPU
		{C06C5D25-DF16-4935-8DDE-7F2095CDDE4E}.Release|Any CPU.ActiveCfg = Release|Any CPU
		{C06C5D25-DF16-4935-8DDE-7F2095CDDE4E}.Release|Any CPU.Build.0 = Release|Any CPU
		{EA38A465-E614-4C03-9F97-CBA79F7B1018}.Debug|Any CPU.ActiveCfg = Debug|Any CPU
		{EA38A465-E614-4C03-9F97-CBA79F7B1018}.Debug|Any CPU.Build.0 = Debug|Any CPU
		{EA38A465-E614-4C03-9F97-CBA79F7B1018}.Release|Any CPU.ActiveCfg = Release|Any CPU
		{EA38A465-E614-4C03-9F97-CBA79F7B1018}.Release|Any CPU.Build.0 = Release|Any CPU
	EndGlobalSection
	GlobalSection(SolutionProperties) = preSolution
		HideSolutionNode = FALSE
	EndGlobalSection
EndGlobal
